
Microsoft Visual Studio Solution File, Format Version 12.00
# Visual Studio 2012
Project("{FAE04EC0-301F-11D3-BF4B-00C04F79EFBC}") = "GitTesting", "GitTesting\GitTesting.csproj", "{128FEFE7-875F-4424-AC03-277AA3BF0069}"
EndProject
Project("{FAE04EC0-301F-11D3-BF4B-00C04F79EFBC}") = "GitTesting.Tests", "GitTesting.Tests\GitTesting.Tests.csproj", "{B17D2E35-6BF5-4A2C-AF92-338AB0415070}"
EndProject
Global
	GlobalSection(SolutionConfigurationPlatforms) = preSolution
		Debug|Any CPU = Debug|Any CPU
		Release|Any CPU = Release|Any CPU
	EndGlobalSection
	GlobalSection(ProjectConfigurationPlatforms) = postSolution
		{128FEFE7-875F-4424-AC03-277AA3BF0069}.Debug|Any CPU.ActiveCfg = Debug|Any CPU
		{128FEFE7-875F-4424-AC03-277AA3BF0069}.Debug|Any CPU.Build.0 = Debug|Any CPU
		{128FEFE7-875F-4424-AC03-277AA3BF0069}.Release|Any CPU.ActiveCfg = Release|Any CPU
		{128FEFE7-875F-4424-AC03-277AA3BF0069}.Release|Any CPU.Build.0 = Release|Any CPU
		{B17D2E35-6BF5-4A2C-AF92-338AB0415070}.Debug|Any CPU.ActiveCfg = Debug|Any CPU
		{B17D2E35-6BF5-4A2C-AF92-338AB0415070}.Debug|Any CPU.Build.0 = Debug|Any CPU
		{B17D2E35-6BF5-4A2C-AF92-338AB0415070}.Release|Any CPU.ActiveCfg = Release|Any CPU
		{B17D2E35-6BF5-4A2C-AF92-338AB0415070}.Release|Any CPU.Build.0 = Release|Any CPU
	EndGlobalSection
	GlobalSection(SolutionProperties) = preSolution
		HideSolutionNode = FALSE
	EndGlobalSection
EndGlobal
